
Microsoft Visual Studio Solution File, Format Version 12.00
# Visual Studio 15
VisualStudioVersion = 15.0.28307.102
MinimumVisualStudioVersion = 10.0.40219.1
Project("{FAE04EC0-301F-11D3-BF4B-00C04F79EFBC}") = "Zetutech.Web.Api", "Zetutech.Web.Api\Zetutech.Web.Api.csproj", "{1E6EE77D-4A03-42FF-B463-3EFC20756DE5}"
EndProject
Project("{2150E333-8FDC-42A3-9474-1A3956D46DE8}") = "src", "src", "{94BA851D-7B69-4239-9F08-20472932DAC6}"
EndProject
Project("{FAE04EC0-301F-11D3-BF4B-00C04F79EFBC}") = "Infrastructure", "Infrastructure\Infrastructure.csproj", "{12C21736-224F-4A6D-A041-DF3D121DED26}"
EndProject
Project("{FAE04EC0-301F-11D3-BF4B-00C04F79EFBC}") = "ApplicationCore", "ApplicationCore\ApplicationCore.csproj", "{0F1C1B27-271F-4FE8-8856-9CF7CB685E48}"
EndProject
Global
	GlobalSection(SolutionConfigurationPlatforms) = preSolution
		Debug|Any CPU = Debug|Any CPU
		Release|Any CPU = Release|Any CPU
	EndGlobalSection
	GlobalSection(ProjectConfigurationPlatforms) = postSolution
		{1E6EE77D-4A03-42FF-B463-3EFC20756DE5}.Debug|Any CPU.ActiveCfg = Debug|Any CPU
		{1E6EE77D-4A03-42FF-B463-3EFC20756DE5}.Debug|Any CPU.Build.0 = Debug|Any CPU
		{1E6EE77D-4A03-42FF-B463-3EFC20756DE5}.Release|Any CPU.ActiveCfg = Release|Any CPU
		{1E6EE77D-4A03-42FF-B463-3EFC20756DE5}.Release|Any CPU.Build.0 = Release|Any CPU
		{12C21736-224F-4A6D-A041-DF3D121DED26}.Debug|Any CPU.ActiveCfg = Debug|Any CPU
		{12C21736-224F-4A6D-A041-DF3D121DED26}.Debug|Any CPU.Build.0 = Debug|Any CPU
		{12C21736-224F-4A6D-A041-DF3D121DED26}.Release|Any CPU.ActiveCfg = Release|Any CPU
		{12C21736-224F-4A6D-A041-DF3D121DED26}.Release|Any CPU.Build.0 = Release|Any CPU
		{0F1C1B27-271F-4FE8-8856-9CF7CB685E48}.Debug|Any CPU.ActiveCfg = Debug|Any CPU
		{0F1C1B27-271F-4FE8-8856-9CF7CB685E48}.Debug|Any CPU.Build.0 = Debug|Any CPU
		{0F1C1B27-271F-4FE8-8856-9CF7CB685E48}.Release|Any CPU.ActiveCfg = Release|Any CPU
		{0F1C1B27-271F-4FE8-8856-9CF7CB685E48}.Release|Any CPU.Build.0 = Release|Any CPU
	EndGlobalSection
	GlobalSection(SolutionProperties) = preSolution
		HideSolutionNode = FALSE
	EndGlobalSection
	GlobalSection(NestedProjects) = preSolution
		{1E6EE77D-4A03-42FF-B463-3EFC20756DE5} = {94BA851D-7B69-4239-9F08-20472932DAC6}
		{12C21736-224F-4A6D-A041-DF3D121DED26} = {94BA851D-7B69-4239-9F08-20472932DAC6}
		{0F1C1B27-271F-4FE8-8856-9CF7CB685E48} = {94BA851D-7B69-4239-9F08-20472932DAC6}
	EndGlobalSection
	GlobalSection(ExtensibilityGlobals) = postSolution
		SolutionGuid = {D0361F92-914D-4E66-9CC2-FABE54CC0927}
	EndGlobalSection
EndGlobal
